
Microsoft Visual Studio Solution File, Format Version 12.00
# Visual Studio Version 16
VisualStudioVersion = 25.0.1700.0
MinimumVisualStudioVersion = 10.0.40219.1
Project("{FAE04EC0-301F-11D3-BF4B-00C04F79EFBC}") = "test_api", "test_api\test_api.csproj", "{3D528E1E-FEA9-44F6-9ACA-27BE7C64E87F}"
EndProject
Global
	GlobalSection(SolutionConfigurationPlatforms) = preSolution
		Debug|Any CPU = Debug|Any CPU
		Release|Any CPU = Release|Any CPU
	EndGlobalSection
	GlobalSection(ProjectConfigurationPlatforms) = postSolution
		{3D528E1E-FEA9-44F6-9ACA-27BE7C64E87F}.Debug|Any CPU.ActiveCfg = Debug|Any CPU
		{3D528E1E-FEA9-44F6-9ACA-27BE7C64E87F}.Debug|Any CPU.Build.0 = Debug|Any CPU
		{3D528E1E-FEA9-44F6-9ACA-27BE7C64E87F}.Release|Any CPU.ActiveCfg = Release|Any CPU
		{3D528E1E-FEA9-44F6-9ACA-27BE7C64E87F}.Release|Any CPU.Build.0 = Release|Any CPU
	EndGlobalSection
	GlobalSection(SolutionProperties) = preSolution
		HideSolutionNode = FALSE
	EndGlobalSection
	GlobalSection(ExtensibilityGlobals) = postSolution
		SolutionGuid = {4BD5EB2A-5D5D-4605-A008-9A2C5981F0A9}
	EndGlobalSection
EndGlobal
